
Microsoft Visual Studio Solution File, Format Version 12.00
# Visual Studio Version 17
VisualStudioVersion = 17.1.32210.238
MinimumVisualStudioVersion = 10.0.40219.1
Project("{9A19103F-16F7-4668-BE54-9A1E7A4F7556}") = "Sqleze", "Sqleze\Sqleze.csproj", "{5C953F82-E3F0-4D29-9D3A-E8F43FB65879}"
EndProject
Project("{2150E333-8FDC-42A3-9474-1A3956D46DE8}") = "Config", "Config", "{DEA02BFF-9FCB-4BFD-90FE-206BC67629E9}"
	ProjectSection(SolutionItems) = preProject
		serverSettings.Example.json = serverSettings.Example.json
		serverSettings.json = serverSettings.json
	EndProjectSection
EndProject
Project("{9A19103F-16F7-4668-BE54-9A1E7A4F7556}") = "Sqleze.Docs", "Sqleze.Docs\Sqleze.Docs.csproj", "{3110B7C4-D931-464F-B1E0-00E69B99B485}"
EndProject
Project("{9A19103F-16F7-4668-BE54-9A1E7A4F7556}") = "Sqleze.DryIoc", "Sqleze.DryIoc\Sqleze.DryIoc.csproj", "{82FCEB3F-E089-4791-A46E-38CD231DC685}"
EndProject
Project("{9A19103F-16F7-4668-BE54-9A1E7A4F7556}") = "TestCommon", "TestCommon\TestCommon.csproj", "{D5CCF357-3683-4FF8-9006-E3DE12AE0D35}"
EndProject
Project("{9A19103F-16F7-4668-BE54-9A1E7A4F7556}") = "TestCommon.DryIoc", "TestCommon.DryIoc\TestCommon.DryIoc.csproj", "{D244A806-BB84-4E00-8D82-E2D5EB05C375}"
EndProject
Project("{9A19103F-16F7-4668-BE54-9A1E7A4F7556}") = "Sqleze.Tests", "Sqleze.Tests\Sqleze.Tests.csproj", "{A22BDAF9-9174-4933-82EE-FDE3C627FE68}"
EndProject
Project("{FAE04EC0-301F-11D3-BF4B-00C04F79EFBC}") = "Sqleze.Tests.DryIoc", "Sqleze.Tests.DryIoc\Sqleze.Tests.DryIoc.csproj", "{4B0EE606-3461-469F-B359-E9F9DED83020}"
EndProject
Global
	GlobalSection(SolutionConfigurationPlatforms) = preSolution
		Debug|Any CPU = Debug|Any CPU
		Release|Any CPU = Release|Any CPU
	EndGlobalSection
	GlobalSection(ProjectConfigurationPlatforms) = postSolution
		{5C953F82-E3F0-4D29-9D3A-E8F43FB65879}.Debug|Any CPU.ActiveCfg = Debug|Any CPU
		{5C953F82-E3F0-4D29-9D3A-E8F43FB65879}.Debug|Any CPU.Build.0 = Debug|Any CPU
		{5C953F82-E3F0-4D29-9D3A-E8F43FB65879}.Release|Any CPU.ActiveCfg = Release|Any CPU
		{5C953F82-E3F0-4D29-9D3A-E8F43FB65879}.Release|Any CPU.Build.0 = Release|Any CPU
		{3110B7C4-D931-464F-B1E0-00E69B99B485}.Debug|Any CPU.ActiveCfg = Debug|Any CPU
		{3110B7C4-D931-464F-B1E0-00E69B99B485}.Debug|Any CPU.Build.0 = Debug|Any CPU
		{3110B7C4-D931-464F-B1E0-00E69B99B485}.Release|Any CPU.ActiveCfg = Release|Any CPU
		{3110B7C4-D931-464F-B1E0-00E69B99B485}.Release|Any CPU.Build.0 = Release|Any CPU
		{82FCEB3F-E089-4791-A46E-38CD231DC685}.Debug|Any CPU.ActiveCfg = Debug|Any CPU
		{82FCEB3F-E089-4791-A46E-38CD231DC685}.Debug|Any CPU.Build.0 = Debug|Any CPU
		{82FCEB3F-E089-4791-A46E-38CD231DC685}.Release|Any CPU.ActiveCfg = Release|Any CPU
		{82FCEB3F-E089-4791-A46E-38CD231DC685}.Release|Any CPU.Build.0 = Release|Any CPU
		{D5CCF357-3683-4FF8-9006-E3DE12AE0D35}.Debug|Any CPU.ActiveCfg = Debug|Any CPU
		{D5CCF357-3683-4FF8-9006-E3DE12AE0D35}.Debug|Any CPU.Build.0 = Debug|Any CPU
		{D5CCF357-3683-4FF8-9006-E3DE12AE0D35}.Release|Any CPU.ActiveCfg = Release|Any CPU
		{D5CCF357-3683-4FF8-9006-E3DE12AE0D35}.Release|Any CPU.Build.0 = Release|Any CPU
		{D244A806-BB84-4E00-8D82-E2D5EB05C375}.Debug|Any CPU.ActiveCfg = Debug|Any CPU
		{D244A806-BB84-4E00-8D82-E2D5EB05C375}.Debug|Any CPU.Build.0 = Debug|Any CPU
		{D244A806-BB84-4E00-8D82-E2D5EB05C375}.Release|Any CPU.ActiveCfg = Release|Any CPU
		{D244A806-BB84-4E00-8D82-E2D5EB05C375}.Release|Any CPU.Build.0 = Release|Any CPU
		{A22BDAF9-9174-4933-82EE-FDE3C627FE68}.Debug|Any CPU.ActiveCfg = Debug|Any CPU
		{A22BDAF9-9174-4933-82EE-FDE3C627FE68}.Debug|Any CPU.Build.0 = Debug|Any CPU
		{A22BDAF9-9174-4933-82EE-FDE3C627FE68}.Release|Any CPU.ActiveCfg = Release|Any CPU
		{A22BDAF9-9174-4933-82EE-FDE3C627FE68}.Release|Any CPU.Build.0 = Release|Any CPU
		{4B0EE606-3461-469F-B359-E9F9DED83020}.Debug|Any CPU.ActiveCfg = Debug|Any CPU
		{4B0EE606-3461-469F-B359-E9F9DED83020}.Debug|Any CPU.Build.0 = Debug|Any CPU
		{4B0EE606-3461-469F-B359-E9F9DED83020}.Release|Any CPU.ActiveCfg = Release|Any CPU
		{4B0EE606-3461-469F-B359-E9F9DED83020}.Release|Any CPU.Build.0 = Release|Any CPU
	EndGlobalSection
	GlobalSection(SolutionProperties) = preSolution
		HideSolutionNode = FALSE
	EndGlobalSection
	GlobalSection(ExtensibilityGlobals) = postSolution
		SolutionGuid = {66BE4173-5F45-456D-A51B-075BEBB297C2}
	EndGlobalSection
EndGlobal
